// !$*UTF8*$!
{
	archiveVersion = 1;
	classes = {
	};
	objectVersion = 46;
	objects = {

/* Begin PBXBuildFile section */
		9BC47F611D4D096200B25C1F /* AppDelegate.swift in Sources */ = {isa = PBXBuildFile; fileRef = 9BC47F601D4D096200B25C1F /* AppDelegate.swift */; };
		9BC47F631D4D096200B25C1F /* ViewController.swift in Sources */ = {isa = PBXBuildFile; fileRef = 9BC47F621D4D096200B25C1F /* ViewController.swift */; };
		9BC47F661D4D096200B25C1F /* Main.storyboard in Resources */ = {isa = PBXBuildFile; fileRef = 9BC47F641D4D096200B25C1F /* Main.storyboard */; };
		9BC47F691D4D096200B25C1F /* iWedding.xcdatamodeld in Sources */ = {isa = PBXBuildFile; fileRef = 9BC47F671D4D096200B25C1F /* iWedding.xcdatamodeld */; };
		9BC47F6B1D4D096200B25C1F /* Assets.xcassets in Resources */ = {isa = PBXBuildFile; fileRef = 9BC47F6A1D4D096200B25C1F /* Assets.xcassets */; };
		9BC47F6E1D4D096200B25C1F /* LaunchScreen.storyboard in Resources */ = {isa = PBXBuildFile; fileRef = 9BC47F6C1D4D096200B25C1F /* LaunchScreen.storyboard */; };
		9BC47F791D4D096300B25C1F /* iWeddingTests.swift in Sources */ = {isa = PBXBuildFile; fileRef = 9BC47F781D4D096300B25C1F /* iWeddingTests.swift */; };
		9BC47F841D4D096300B25C1F /* iWeddingUITests.swift in Sources */ = {isa = PBXBuildFile; fileRef = 9BC47F831D4D096300B25C1F /* iWeddingUITests.swift */; };
/* End PBXBuildFile section */

/* Begin PBXContainerItemProxy section */
		9BC47F751D4D096300B25C1F /* PBXContainerItemProxy */ = {
			isa = PBXContainerItemProxy;
			containerPortal = 9BC47F551D4D096200B25C1F /* Project object */;
			proxyType = 1;
			remoteGlobalIDString = 9BC47F5C1D4D096200B25C1F;
			remoteInfo = iWedding;
		};
		9BC47F801D4D096300B25C1F /* PBXContainerItemProxy */ = {
			isa = PBXContainerItemProxy;
			containerPortal = 9BC47F551D4D096200B25C1F /* Project object */;
			proxyType = 1;
			remoteGlobalIDString = 9BC47F5C1D4D096200B25C1F;
			remoteInfo = iWedding;
		};
/* End PBXContainerItemProxy section */

/* Begin PBXFileReference section */
		9BC47F5D1D4D096200B25C1F /* iWedding.app */ = {isa = PBXFileReference; explicitFileType = wrapper.application; includeInIndex = 0; path = iWedding.app; sourceTree = BUILT_PRODUCTS_DIR; };
		9BC47F601D4D096200B25C1F /* AppDelegate.swift */ = {isa = PBXFileReference; lastKnownFileType = sourcecode.swift; path = AppDelegate.swift; sourceTree = "<group>"; };
		9BC47F621D4D096200B25C1F /* ViewController.swift */ = {isa = PBXFileReference; lastKnownFileType = sourcecode.swift; path = ViewController.swift; sourceTree = "<group>"; };
		9BC47F651D4D096200B25C1F /* Base */ = {isa = PBXFileReference; lastKnownFileType = file.storyboard; name = Base; path = Base.lproj/Main.storyboard; sourceTree = "<group>"; };
		9BC47F681D4D096200B25C1F /* iWedding.xcdatamodel */ = {isa = PBXFileReference; lastKnownFileType = wrapper.xcdatamodel; path = iWedding.xcdatamodel; sourceTree = "<group>"; };
		9BC47F6A1D4D096200B25C1F /* Assets.xcassets */ = {isa = PBXFileReference; lastKnownFileType = folder.assetcatalog; path = Assets.xcassets; sourceTree = "<group>"; };
		9BC47F6D1D4D096200B25C1F /* Base */ = {isa = PBXFileReference; lastKnownFileType = file.storyboard; name = Base; path = Base.lproj/LaunchScreen.storyboard; sourceTree = "<group>"; };
		9BC47F6F1D4D096200B25C1F /* Info.plist */ = {isa = PBXFileReference; lastKnownFileType = text.plist.xml; path = Info.plist; sourceTree = "<group>"; };
		9BC47F741D4D096300B25C1F /* iWeddingTests.xctest */ = {isa = PBXFileReference; explicitFileType = wrapper.cfbundle; includeInIndex = 0; path = iWeddingTests.xctest; sourceTree = BUILT_PRODUCTS_DIR; };
		9BC47F781D4D096300B25C1F /* iWeddingTests.swift */ = {isa = PBXFileReference; lastKnownFileType = sourcecode.swift; path = iWeddingTests.swift; sourceTree = "<group>"; };
		9BC47F7A1D4D096300B25C1F /* Info.plist */ = {isa = PBXFileReference; lastKnownFileType = text.plist.xml; path = Info.plist; sourceTree = "<group>"; };
		9BC47F7F1D4D096300B25C1F /* iWeddingUITests.xctest */ = {isa = PBXFileReference; explicitFileType = wrapper.cfbundle; includeInIndex = 0; path = iWeddingUITests.xctest; sourceTree = BUILT_PRODUCTS_DIR; };
		9BC47F831D4D096300B25C1F /* iWeddingUITests.swift */ = {isa = PBXFileReference; lastKnownFileType = sourcecode.swift; path = iWeddingUITests.swift; sourceTree = "<group>"; };
		9BC47F851D4D096300B25C1F /* Info.plist */ = {isa = PBXFileReference; lastKnownFileType = text.plist.xml; path = Info.plist; sourceTree = "<group>"; };
/* End PBXFileReference section */

/* Begin PBXFrameworksBuildPhase section */
		9BC47F5A1D4D096200B25C1F /* Frameworks */ = {
			isa = PBXFrameworksBuildPhase;
			buildActionMask = 2147483647;
			files = (
			);
			runOnlyForDeploymentPostprocessing = 0;
		};
		9BC47F711D4D096300B25C1F /* Frameworks */ = {
			isa = PBXFrameworksBuildPhase;
			buildActionMask = 2147483647;
			files = (
			);
			runOnlyForDeploymentPostprocessing = 0;
		};
		9BC47F7C1D4D096300B25C1F /* Frameworks */ = {
			isa = PBXFrameworksBuildPhase;
			buildActionMask = 2147483647;
			files = (
			);
			runOnlyForDeploymentPostprocessing = 0;
		};
/* End PBXFrameworksBuildPhase section */

/* Begin PBXGroup section */
		9BC47F541D4D096200B25C1F = {
			isa = PBXGroup;
			children = (
				9BC47F5F1D4D096200B25C1F /* iWedding */,
				9BC47F771D4D096300B25C1F /* iWeddingTests */,
				9BC47F821D4D096300B25C1F /* iWeddingUITests */,
				9BC47F5E1D4D096200B25C1F /* Products */,
			);
			sourceTree = "<group>";
		};
		9BC47F5E1D4D096200B25C1F /* Products */ = {
			isa = PBXGroup;
			children = (
				9BC47F5D1D4D096200B25C1F /* iWedding.app */,
				9BC47F741D4D096300B25C1F /* iWeddingTests.xctest */,
				9BC47F7F1D4D096300B25C1F /* iWeddingUITests.xctest */,
			);
			name = Products;
			sourceTree = "<group>";
		};
		9BC47F5F1D4D096200B25C1F /* iWedding */ = {
			isa = PBXGroup;
			children = (
				9BC47F601D4D096200B25C1F /* AppDelegate.swift */,
				9BC47F621D4D096200B25C1F /* ViewController.swift */,
				9BC47F641D4D096200B25C1F /* Main.storyboard */,
				9BC47F6A1D4D096200B25C1F /* Assets.xcassets */,
				9BC47F6C1D4D096200B25C1F /* LaunchScreen.storyboard */,
				9BC47F6F1D4D096200B25C1F /* Info.plist */,
				9BC47F671D4D096200B25C1F /* iWedding.xcdatamodeld */,
			);
			path = iWedding;
			sourceTree = "<group>";
		};
		9BC47F771D4D096300B25C1F /* iWeddingTests */ = {
			isa = PBXGroup;
			children = (
				9BC47F781D4D096300B25C1F /* iWeddingTests.swift */,
				9BC47F7A1D4D096300B25C1F /* Info.plist */,
			);
			path = iWeddingTests;
			sourceTree = "<group>";
		};
		9BC47F821D4D096300B25C1F /* iWeddingUITests */ = {
			isa = PBXGroup;
			children = (
				9BC47F831D4D096300B25C1F /* iWeddingUITests.swift */,
				9BC47F851D4D096300B25C1F /* Info.plist */,
			);
			path = iWeddingUITests;
			sourceTree = "<group>";
		};
/* End PBXGroup section */

/* Begin PBXNativeTarget section */
		9BC47F5C1D4D096200B25C1F /* iWedding */ = {
			isa = PBXNativeTarget;
			buildConfigurationList = 9BC47F881D4D096300B25C1F /* Build configuration list for PBXNativeTarget "iWedding" */;
			buildPhases = (
				9BC47F591D4D096200B25C1F /* Sources */,
				9BC47F5A1D4D096200B25C1F /* Frameworks */,
				9BC47F5B1D4D096200B25C1F /* Resources */,
			);
			buildRules = (
			);
			dependencies = (
			);
			name = iWedding;
			productName = iWedding;
			productReference = 9BC47F5D1D4D096200B25C1F /* iWedding.app */;
			productType = "com.apple.product-type.application";
		};
		9BC47F731D4D096300B25C1F /* iWeddingTests */ = {
			isa = PBXNativeTarget;
			buildConfigurationList = 9BC47F8B1D4D096300B25C1F /* Build configuration list for PBXNativeTarget "iWeddingTests" */;
			buildPhases = (
				9BC47F701D4D096300B25C1F /* Sources */,
				9BC47F711D4D096300B25C1F /* Frameworks */,
				9BC47F721D4D096300B25C1F /* Resources */,
			);
			buildRules = (
			);
			dependencies = (
				9BC47F761D4D096300B25C1F /* PBXTargetDependency */,
			);
			name = iWeddingTests;
			productName = iWeddingTests;
			productReference = 9BC47F741D4D096300B25C1F /* iWeddingTests.xctest */;
			productType = "com.apple.product-type.bundle.unit-test";
		};
		9BC47F7E1D4D096300B25C1F /* iWeddingUITests */ = {
			isa = PBXNativeTarget;
			buildConfigurationList = 9BC47F8E1D4D096300B25C1F /* Build configuration list for PBXNativeTarget "iWeddingUITests" */;
			buildPhases = (
				9BC47F7B1D4D096300B25C1F /* Sources */,
				9BC47F7C1D4D096300B25C1F /* Frameworks */,
				9BC47F7D1D4D096300B25C1F /* Resources */,
			);
			buildRules = (
			);
			dependencies = (
				9BC47F811D4D096300B25C1F /* PBXTargetDependency */,
			);
			name = iWeddingUITests;
			productName = iWeddingUITests;
			productReference = 9BC47F7F1D4D096300B25C1F /* iWeddingUITests.xctest */;
			productType = "com.apple.product-type.bundle.ui-testing";
		};
/* End PBXNativeTarget section */

/* Begin PBXProject section */
		9BC47F551D4D096200B25C1F /* Project object */ = {
			isa = PBXProject;
			attributes = {
				LastSwiftUpdateCheck = 0730;
				LastUpgradeCheck = 0730;
				ORGANIZATIONNAME = "极客栈";
				TargetAttributes = {
					9BC47F5C1D4D096200B25C1F = {
						CreatedOnToolsVersion = 7.3;
					};
					9BC47F731D4D096300B25C1F = {
						CreatedOnToolsVersion = 7.3;
						TestTargetID = 9BC47F5C1D4D096200B25C1F;
					};
					9BC47F7E1D4D096300B25C1F = {
						CreatedOnToolsVersion = 7.3;
						TestTargetID = 9BC47F5C1D4D096200B25C1F;
					};
				};
			};
			buildConfigurationList = 9BC47F581D4D096200B25C1F /* Build configuration list for PBXProject "iWedding" */;
			compatibilityVersion = "Xcode 3.2";
			developmentRegion = English;
			hasScannedForEncodings = 0;
			knownRegions = (
				en,
				Base,
			);
			mainGroup = 9BC47F541D4D096200B25C1F;
			productRefGroup = 9BC47F5E1D4D096200B25C1F /* Products */;
			projectDirPath = "";
			projectRoot = "";
			targets = (
				9BC47F5C1D4D096200B25C1F /* iWedding */,
				9BC47F731D4D096300B25C1F /* iWeddingTests */,
				9BC47F7E1D4D096300B25C1F /* iWeddingUITests */,
			);
		};
/* End PBXProject section */

/* Begin PBXResourcesBuildPhase section */
		9BC47F5B1D4D096200B25C1F /* Resources */ = {
			isa = PBXResourcesBuildPhase;
			buildActionMask = 2147483647;
			files = (
				9BC47F6E1D4D096200B25C1F /* LaunchScreen.storyboard in Resources */,
				9BC47F6B1D4D096200B25C1F /* Assets.xcassets in Resources */,
				9BC47F661D4D096200B25C1F /* Main.storyboard in Resources */,
			);
			runOnlyForDeploymentPostprocessing = 0;
		};
		9BC47F721D4D096300B25C1F /* Resources */ = {
			isa = PBXResourcesBuildPhase;
			buildActionMask = 2147483647;
			files = (
			);
			runOnlyForDeploymentPostprocessing = 0;
		};
		9BC47F7D1D4D096300B25C1F /* Resources */ = {
			isa = PBXResourcesBuildPhase;
			buildActionMask = 2147483647;
			files = (
			);
			runOnlyForDeploymentPostprocessing = 0;
		};
/* End PBXResourcesBuildPhase section */

/* Begin PBXSourcesBuildPhase section */
		9BC47F591D4D096200B25C1F /* Sources */ = {
			isa = PBXSourcesBuildPhase;
			buildActionMask = 2147483647;
			files = (
				9BC47F691D4D096200B25C1F /* iWedding.xcdatamodeld in Sources */,
				9BC47F631D4D096200B25C1F /* ViewController.swift in Sources */,
				9BC47F611D4D096200B25C1F /* AppDelegate.swift in Sources */,
			);
			runOnlyForDeploymentPostprocessing = 0;
		};
		9BC47F701D4D096300B25C1F /* Sources */ = {
			isa = PBXSourcesBuildPhase;
			buildActionMask = 2147483647;
			files = (
				9BC47F791D4D096300B25C1F /* iWeddingTests.swift in Sources */,
			);
			runOnlyForDeploymentPostprocessing = 0;
		};
		9BC47F7B1D4D096300B25C1F /* Sources */ = {
			isa = PBXSourcesBuildPhase;
			buildActionMask = 2147483647;
			files = (
				9BC47F841D4D096300B25C1F /* iWeddingUITests.swift in Sources */,
			);
			runOnlyForDeploymentPostprocessing = 0;
		};
/* End PBXSourcesBuildPhase section */

/* Begin PBXTargetDependency section */
		9BC47F761D4D096300B25C1F /* PBXTargetDependency */ = {
			isa = PBXTargetDependency;
			target = 9BC47F5C1D4D096200B25C1F /* iWedding */;
			targetProxy = 9BC47F751D4D096300B25C1F /* PBXContainerItemProxy */;
		};
		9BC47F811D4D096300B25C1F /* PBXTargetDependency */ = {
			isa = PBXTargetDependency;
			target = 9BC47F5C1D4D096200B25C1F /* iWedding */;
			targetProxy = 9BC47F801D4D096300B25C1F /* PBXContainerItemProxy */;
		};
/* End PBXTargetDependency section */

/* Begin PBXVariantGroup section */
		9BC47F641D4D096200B25C1F /* Main.storyboard */ = {
			isa = PBXVariantGroup;
			children = (
				9BC47F651D4D096200B25C1F /* Base */,
			);
			name = Main.storyboard;
			sourceTree = "<group>";
		};
		9BC47F6C1D4D096200B25C1F /* LaunchScreen.storyboard */ = {
			isa = PBXVariantGroup;
			children = (
				9BC47F6D1D4D096200B25C1F /* Base */,
			);
			name = LaunchScreen.storyboard;
			sourceTree = "<group>";
		};
/* End PBXVariantGroup section */

/* Begin XCBuildConfiguration section */
		9BC47F861D4D096300B25C1F /* Debug */ = {
			isa = XCBuildConfiguration;
			buildSettings = {
				ALWAYS_SEARCH_USER_PATHS = NO;
				CLANG_ANALYZER_NONNULL = YES;
				CLANG_CXX_LANGUAGE_STANDARD = "gnu++0x";
				CLANG_CXX_LIBRARY = "libc++";
				CLANG_ENABLE_MODULES = YES;
				CLANG_ENABLE_OBJC_ARC = YES;
				CLANG_WARN_BOOL_CONVERSION = YES;
				CLANG_WARN_CONSTANT_CONVERSION = YES;
				CLANG_WARN_DIRECT_OBJC_ISA_USAGE = YES_ERROR;
				CLANG_WARN_EMPTY_BODY = YES;
				CLANG_WARN_ENUM_CONVERSION = YES;
				CLANG_WARN_INT_CONVERSION = YES;
				CLANG_WARN_OBJC_ROOT_CLASS = YES_ERROR;
				CLANG_WARN_UNREACHABLE_CODE = YES;
				CLANG_WARN__DUPLICATE_METHOD_MATCH = YES;
				"CODE_SIGN_IDENTITY[sdk=iphoneos*]" = "iPhone Developer";
				COPY_PHASE_STRIP = NO;
				DEBUG_INFORMATION_FORMAT = dwarf;
				ENABLE_STRICT_OBJC_MSGSEND = YES;
				ENABLE_TESTABILITY = YES;
				GCC_C_LANGUAGE_STANDARD = gnu99;
				GCC_DYNAMIC_NO_PIC = NO;
				GCC_NO_COMMON_BLOCKS = YES;
				GCC_OPTIMIZATION_LEVEL = 0;
				GCC_PREPROCESSOR_DEFINITIONS = (
					"DEBUG=1",
					"$(inherited)",
				);
				GCC_WARN_64_TO_32_BIT_CONVERSION = YES;
				GCC_WARN_ABOUT_RETURN_TYPE = YES_ERROR;
				GCC_WARN_UNDECLARED_SELECTOR = YES;
				GCC_WARN_UNINITIALIZED_AUTOS = YES_AGGRESSIVE;
				GCC_WARN_UNUSED_FUNCTION = YES;
				GCC_WARN_UNUSED_VARIABLE = YES;
				IPHONEOS_DEPLOYMENT_TARGET = 9.3;
				MTL_ENABLE_DEBUG_INFO = YES;
				ONLY_ACTIVE_ARCH = YES;
				SDKROOT = iphoneos;
				SWIFT_OPTIMIZATION_LEVEL = "-Onone";
			};
			name = Debug;
		};
		9BC47F871D4D096300B25C1F /* Release */ = {
			isa = XCBuildConfiguration;
			buildSettings = {
				ALWAYS_SEARCH_USER_PATHS = NO;
				CLANG_ANALYZER_NONNULL = YES;
				CLANG_CXX_LANGUAGE_STANDARD = "gnu++0x";
				CLANG_CXX_LIBRARY = "libc++";
				CLANG_ENABLE_MODULES = YES;
				CLANG_ENABLE_OBJC_ARC = YES;
				CLANG_WARN_BOOL_CONVERSION = YES;
				CLANG_WARN_CONSTANT_CONVERSION = YES;
				CLANG_WARN_DIRECT_OBJC_ISA_USAGE = YES_ERROR;
				CLANG_WARN_EMPTY_BODY = YES;
				CLANG_WARN_ENUM_CONVERSION = YES;
				CLANG_WARN_INT_CONVERSION = YES;
				CLANG_WARN_OBJC_ROOT_CLASS = YES_ERROR;
				CLANG_WARN_UNREACHABLE_CODE = YES;
				CLANG_WARN__DUPLICATE_METHOD_MATCH = YES;
				"CODE_SIGN_IDENTITY[sdk=iphoneos*]" = "iPhone Developer";
				COPY_PHASE_STRIP = NO;
				DEBUG_INFORMATION_FORMAT = "dwarf-with-dsym";
				ENABLE_NS_ASSERTIONS = NO;
				ENABLE_STRICT_OBJC_MSGSEND = YES;
				GCC_C_LANGUAGE_STANDARD = gnu99;
				GCC_NO_COMMON_BLOCKS = YES;
				GCC_WARN_64_TO_32_BIT_CONVERSION = YES;
				GCC_WARN_ABOUT_RETURN_TYPE = YES_ERROR;
				GCC_WARN_UNDECLARED_SELECTOR = YES;
				GCC_WARN_UNINITIALIZED_AUTOS = YES_AGGRESSIVE;
				GCC_WARN_UNUSED_FUNCTION = YES;
				GCC_WARN_UNUSED_VARIABLE = YES;
				IPHONEOS_DEPLOYMENT_TARGET = 9.3;
				MTL_ENABLE_DEBUG_INFO = NO;
				SDKROOT = iphoneos;
				VALIDATE_PRODUCT = YES;
			};
			name = Release;
		};
		9BC47F891D4D096300B25C1F /* Debug */ = {
			isa = XCBuildConfiguration;
			buildSettings = {
				ASSETCATALOG_COMPILER_APPICON_NAME = AppIcon;
				INFOPLIST_FILE = iWedding/Info.plist;
				LD_RUNPATH_SEARCH_PATHS = "$(inherited) @executable_path/Frameworks";
				PRODUCT_BUNDLE_IDENTIFIER = com.codinghacker.iWedding;
				PRODUCT_NAME = "$(TARGET_NAME)";
			};
			name = Debug;
		};
		9BC47F8A1D4D096300B25C1F /* Release */ = {
			isa = XCBuildConfiguration;
			buildSettings = {
				ASSETCATALOG_COMPILER_APPICON_NAME = AppIcon;
				INFOPLIST_FILE = iWedding/Info.plist;
				LD_RUNPATH_SEARCH_PATHS = "$(inherited) @executable_path/Frameworks";
				PRODUCT_BUNDLE_IDENTIFIER = com.codinghacker.iWedding;
				PRODUCT_NAME = "$(TARGET_NAME)";
			};
			name = Release;
		};
		9BC47F8C1D4D096300B25C1F /* Debug */ = {
			isa = XCBuildConfiguration;
			buildSettings = {
				BUNDLE_LOADER = "$(TEST_HOST)";
				INFOPLIST_FILE = iWeddingTests/Info.plist;
				LD_RUNPATH_SEARCH_PATHS = "$(inherited) @executable_path/Frameworks @loader_path/Frameworks";
				PRODUCT_BUNDLE_IDENTIFIER = com.codinghacker.iWeddingTests;
				PRODUCT_NAME = "$(TARGET_NAME)";
				TEST_HOST = "$(BUILT_PRODUCTS_DIR)/iWedding.app/iWedding";
			};
			name = Debug;
		};
		9BC47F8D1D4D096300B25C1F /* Release */ = {
			isa = XCBuildConfiguration;
			buildSettings = {
				BUNDLE_LOADER = "$(TEST_HOST)";
				INFOPLIST_FILE = iWeddingTests/Info.plist;
				LD_RUNPATH_SEARCH_PATHS = "$(inherited) @executable_path/Frameworks @loader_path/Frameworks";
				PRODUCT_BUNDLE_IDENTIFIER = com.codinghacker.iWeddingTests;
				PRODUCT_NAME = "$(TARGET_NAME)";
				TEST_HOST = "$(BUILT_PRODUCTS_DIR)/iWedding.app/iWedding";
			};
			name = Release;
		};
		9BC47F8F1D4D096300B25C1F /* Debug */ = {
			isa = XCBuildConfiguration;
			buildSettings = {
				INFOPLIST_FILE = iWeddingUITests/Info.plist;
				LD_RUNPATH_SEARCH_PATHS = "$(inherited) @executable_path/Frameworks @loader_path/Frameworks";
				PRODUCT_BUNDLE_IDENTIFIER = com.codinghacker.iWeddingUITests;
				PRODUCT_NAME = "$(TARGET_NAME)";
				TEST_TARGET_NAME = iWedding;
			};
			name = Debug;
		};
		9BC47F901D4D096300B25C1F /* Release */ = {
			isa = XCBuildConfiguration;
			buildSettings = {
				INFOPLIST_FILE = iWeddingUITests/Info.plist;
				LD_RUNPATH_SEARCH_PATHS = "$(inherited) @executable_path/Frameworks @loader_path/Frameworks";
				PRODUCT_BUNDLE_IDENTIFIER = com.codinghacker.iWeddingUITests;
				PRODUCT_NAME = "$(TARGET_NAME)";
				TEST_TARGET_NAME = iWedding;
			};
			name = Release;
		};
/* End XCBuildConfiguration section */

/* Begin XCConfigurationList section */
		9BC47F581D4D096200B25C1F /* Build configuration list for PBXProject "iWedding" */ = {
			isa = XCConfigurationList;
			buildConfigurations = (
				9BC47F861D4D096300B25C1F /* Debug */,
				9BC47F871D4D096300B25C1F /* Release */,
			);
			defaultConfigurationIsVisible = 0;
			defaultConfigurationName = Release;
		};
		9BC47F881D4D096300B25C1F /* Build configuration list for PBXNativeTarget "iWedding" */ = {
			isa = XCConfigurationList;
			buildConfigurations = (
				9BC47F891D4D096300B25C1F /* Debug */,
				9BC47F8A1D4D096300B25C1F /* Release */,
			);
			defaultConfigurationIsVisible = 0;
		};
		9BC47F8B1D4D096300B25C1F /* Build configuration list for PBXNativeTarget "iWeddingTests" */ = {
			isa = XCConfigurationList;
			buildConfigurations = (
				9BC47F8C1D4D096300B25C1F /* Debug */,
				9BC47F8D1D4D096300B25C1F /* Release */,
			);
			defaultConfigurationIsVisible = 0;
		};
		9BC47F8E1D4D096300B25C1F /* Build configuration list for PBXNativeTarget "iWeddingUITests" */ = {
			isa = XCConfigurationList;
			buildConfigurations = (
				9BC47F8F1D4D096300B25C1F /* Debug */,
				9BC47F901D4D096300B25C1F /* Release */,
			);
			defaultConfigurationIsVisible = 0;
		};
/* End XCConfigurationList section */

/* Begin XCVersionGroup section */
		9BC47F671D4D096200B25C1F /* iWedding.xcdatamodeld */ = {
			isa = XCVersionGroup;
			children = (
				9BC47F681D4D096200B25C1F /* iWedding.xcdatamodel */,
			);
			currentVersion = 9BC47F681D4D096200B25C1F /* iWedding.xcdatamodel */;
			path = iWedding.xcdatamodeld;
			sourceTree = "<group>";
			versionGroupType = wrapper.xcdatamodel;
		};
/* End XCVersionGroup section */
	};
	rootObject = 9BC47F551D4D096200B25C1F /* Project object */;
}
